{
  "nodes": {
    "delta": {
      "flake": false,
      "locked": {
        "lastModified": 1684323145,
        "narHash": "sha256-YevqN9hbetPAtlOACHCHuqMWwv+pdP/HGzxq+rNjHGk=",
        "owner": "dandavison",
        "repo": "delta",
        "rev": "feec45b5d724f3feb29b59e48f5335513e00a3b0",
        "type": "github"
      },
      "original": {
        "owner": "dandavison",
        "repo": "delta",
        "type": "github"
      }
    },
    "flake-utils": {
      "inputs": {
        "systems": "systems"
      },
      "locked": {
        "lastModified": 1681202837,
        "narHash": "sha256-H+Rh19JDwRtpVPAWp64F+rlEtxUWBAQW28eAi3SRSzg=",
        "owner": "numtide",
        "repo": "flake-utils",
        "rev": "cfacdce06f30d2b68473a46042957675eebb3401",
        "type": "github"
      },
      "original": {
        "owner": "numtide",
        "repo": "flake-utils",
        "type": "github"
      }
    },
    "hardware": {
      "locked": {
        "lastModified": 1684169666,
        "narHash": "sha256-N5jrykeSxLVgvm3Dd3hZ38/XwM/jU+dltqlXgrGlYxk=",
        "owner": "nixos",
        "repo": "nixos-hardware",
        "rev": "71ce85372a614d418d5e303dd5702a79d1545c04",
        "type": "github"
      },
      "original": {
        "owner": "nixos",
        "repo": "nixos-hardware",
        "type": "github"
      }
    },
    "home-manager": {
      "inputs": {
        "nixpkgs": [
          "nixpkgs"
        ]
      },
      "locked": {
        "lastModified": 1684321175,
        "narHash": "sha256-V4EbM+jK7pvjKBaj0dgAiW9ultzDE27Nz5fRyu/ceMk=",
        "owner": "nix-community",
        "repo": "home-manager",
        "rev": "59659243cd4ababda605e79b4a9c2e6d83e24c86",
        "type": "github"
      },
      "original": {
        "owner": "nix-community",
        "repo": "home-manager",
        "type": "github"
      }
    },
    "nixpkgs": {
      "locked": {
        "lastModified": 1684242266,
        "narHash": "sha256-uaCQ2k1bmojHKjWQngvnnnxQJMY8zi1zq527HdWgQf8=",
        "owner": "NixOS",
        "repo": "nixpkgs",
        "rev": "7e0743a5aea1dc755d4b761daf75b20aa486fdad",
        "type": "github"
      },
      "original": {
        "id": "nixpkgs",
        "ref": "nixpkgs-unstable",
        "type": "indirect"
      }
    },
    "root": {
      "inputs": {
        "delta": "delta",
        "flake-utils": "flake-utils",
        "hardware": "hardware",
        "home-manager": "home-manager",
        "nixpkgs": "nixpkgs",
        "tmux-conf": "tmux-conf"
      }
    },
    "systems": {
      "locked": {
        "lastModified": 1681028828,
        "narHash": "sha256-Vy1rq5AaRuLzOxct8nz4T6wlgyUR7zLU309k9mBC768=",
        "owner": "nix-systems",
        "repo": "default",
        "rev": "da67096a3b9bf56a91d16901293e51ba5b49a27e",
        "type": "github"
      },
      "original": {
        "owner": "nix-systems",
        "repo": "default",
        "type": "github"
      }
    },
    "tmux-conf": {
      "flake": false,
      "locked": {
        "lastModified": 1681567899,
        "narHash": "sha256-LkoRWds7PHsteJCDvsBpZ80zvlLtFenLU3CPAxdEHYA=",
        "owner": "gpakosz",
        "repo": ".tmux",
        "rev": "fd1bbb56148101f4b286ddafd98f2ac2dcd69cd8",
        "type": "github"
      },
      "original": {
        "owner": "gpakosz",
        "repo": ".tmux",
        "type": "github"
      }
    }
  },
  "root": "root",
  "version": 7
}
