{
  "nodes": {
    "flake-utils": {
      "locked": {
        "lastModified": 1667395993,
        "narHash": "sha256-nuEHfE/LcWyuSWnS8t12N1wc105Qtau+/OdUAjtQ0rA=",
        "owner": "numtide",
        "repo": "flake-utils",
        "rev": "5aed5285a952e0b949eb3ba02c12fa4fcfef535f",
        "type": "github"
      },
      "original": {
        "owner": "numtide",
        "repo": "flake-utils",
        "type": "github"
      }
    },
    "hardware": {
      "locked": {
        "lastModified": 1670174919,
        "narHash": "sha256-XdQr3BUnrvVLRFunLWrZORhwYHDG0+9jUUe0Jv1pths=",
        "owner": "nixos",
        "repo": "nixos-hardware",
        "rev": "9d87bc030a0bf3f00e953dbf095a7d8e852dab6b",
        "type": "github"
      },
      "original": {
        "owner": "nixos",
        "repo": "nixos-hardware",
        "type": "github"
      }
    },
    "home-manager": {
      "inputs": {
        "nixpkgs": [
          "nixpkgs"
        ],
        "utils": "utils"
      },
      "locked": {
        "lastModified": 1670280307,
        "narHash": "sha256-3x+0whP1nCz5adQMIsBA3L9fI/ABOpRUJdbw0AmxBnU=",
        "owner": "nix-community",
        "repo": "home-manager",
        "rev": "2af0d07678fc15612345e0dd55337550dcf6465f",
        "type": "github"
      },
      "original": {
        "owner": "nix-community",
        "repo": "home-manager",
        "type": "github"
      }
    },
    "inc-rename": {
      "flake": false,
      "locked": {
        "lastModified": 1667603369,
        "narHash": "sha256-uL+OlBBPeCOUXiB1Y7xmjx6nOGQ5hcq4yeO0Ear8SWI=",
        "owner": "smjonas",
        "repo": "inc-rename.nvim",
        "rev": "48c4aa2be19f79e79b465a9bb37ee9fbe6c606f5",
        "type": "github"
      },
      "original": {
        "owner": "smjonas",
        "repo": "inc-rename.nvim",
        "type": "github"
      }
    },
    "mason-lspconfig-nvim": {
      "flake": false,
      "locked": {
        "lastModified": 1670453010,
        "narHash": "sha256-BHUw/LUVxfw5XWjW5EYMAyTmnRpuvt+duoOkHjJO878=",
        "owner": "williamboman",
        "repo": "mason-lspconfig.nvim",
        "rev": "e8bd50153b94cc5bbfe3f59fc10ec7c4902dd526",
        "type": "github"
      },
      "original": {
        "owner": "williamboman",
        "repo": "mason-lspconfig.nvim",
        "type": "github"
      }
    },
    "mason-nvim": {
      "flake": false,
      "locked": {
        "lastModified": 1670493785,
        "narHash": "sha256-1lcKjXMW6j9Rt/hDEuRmHgcq5Ss9CjoVP9WvqeUl2Xc=",
        "owner": "williamboman",
        "repo": "mason.nvim",
        "rev": "01464927921c97d4e5ddbd985c6d27b29b927c17",
        "type": "github"
      },
      "original": {
        "owner": "williamboman",
        "repo": "mason.nvim",
        "type": "github"
      }
    },
    "nixpkgs": {
      "locked": {
        "lastModified": 1670242877,
        "narHash": "sha256-jBLh7dRHnbfvPPA9znOC6oQfKrCPJ0El8Zoe0BqnCjQ=",
        "owner": "nixos",
        "repo": "nixpkgs",
        "rev": "6e51c97f1c849efdfd4f3b78a4870e6aa2da4198",
        "type": "github"
      },
      "original": {
        "owner": "nixos",
        "ref": "nixos-unstable",
        "repo": "nixpkgs",
        "type": "github"
      }
    },
    "nvim-ufo": {
      "flake": false,
      "locked": {
        "lastModified": 1670051865,
        "narHash": "sha256-cQVssLxI5bnhNSdYy0pN4xNpEd6oRuUzFg1X8e9NRSs=",
        "owner": "kevinhwang91",
        "repo": "nvim-ufo",
        "rev": "e988139f6f2d3b3fb5cb512a164636ed7dc41c1f",
        "type": "github"
      },
      "original": {
        "owner": "kevinhwang91",
        "repo": "nvim-ufo",
        "type": "github"
      }
    },
    "promise-async": {
      "flake": false,
      "locked": {
        "lastModified": 1663648586,
        "narHash": "sha256-rGbi5nCCz1qO6CzoWxbze8iKWP6baqIZBd/Je2LU6jw=",
        "owner": "kevinhwang91",
        "repo": "promise-async",
        "rev": "70b09063cdf029079b25c7925e4494e7416ee995",
        "type": "github"
      },
      "original": {
        "owner": "kevinhwang91",
        "repo": "promise-async",
        "type": "github"
      }
    },
    "root": {
      "inputs": {
        "flake-utils": "flake-utils",
        "hardware": "hardware",
        "home-manager": "home-manager",
        "nixpkgs": "nixpkgs",
        "vim-plugins": "vim-plugins"
      }
    },
    "utils": {
      "locked": {
        "lastModified": 1667395993,
        "narHash": "sha256-nuEHfE/LcWyuSWnS8t12N1wc105Qtau+/OdUAjtQ0rA=",
        "owner": "numtide",
        "repo": "flake-utils",
        "rev": "5aed5285a952e0b949eb3ba02c12fa4fcfef535f",
        "type": "github"
      },
      "original": {
        "owner": "numtide",
        "repo": "flake-utils",
        "type": "github"
      }
    },
    "vim-plugins": {
      "inputs": {
        "inc-rename": "inc-rename",
        "mason-lspconfig-nvim": "mason-lspconfig-nvim",
        "mason-nvim": "mason-nvim",
        "nvim-ufo": "nvim-ufo",
        "promise-async": "promise-async",
        "yaml-companion": "yaml-companion"
      },
      "locked": {
        "lastModified": 1,
        "narHash": "sha256-oCsUel6iOmaxvkd4cT4NWlVvKSGWCdiwP9KeVY1y7dc=",
        "path": "./modules",
        "type": "path"
      },
      "original": {
        "path": "./modules",
        "type": "path"
      }
    },
    "yaml-companion": {
      "flake": false,
      "locked": {
        "lastModified": 1667727779,
        "narHash": "sha256-9c+9oxrCNFMlAsRaamsimYbrYYXHpR4APljYMsjlrzY=",
        "owner": "someone-stole-my-name",
        "repo": "yaml-companion.nvim",
        "rev": "03f66e5e9c8b26a35b14593f24697f9a3bc64e48",
        "type": "github"
      },
      "original": {
        "owner": "someone-stole-my-name",
        "repo": "yaml-companion.nvim",
        "type": "github"
      }
    }
  },
  "root": "root",
  "version": 7
}
