{
  "nodes": {
    "aichat-src": {
      "flake": false,
      "locked": {
        "lastModified": 1764555413,
        "narHash": "sha256-M79OlEcj4g0PIWDRcBvEjPbkjoeHz1drq6oEFSnz8Do=",
        "owner": "sigoden",
        "repo": "aichat",
        "rev": "4ddc28d40c238bb67d750d022bd3ca8a1a31cd0c",
        "type": "github"
      },
      "original": {
        "owner": "sigoden",
        "repo": "aichat",
        "rev": "4ddc28d40c238bb67d750d022bd3ca8a1a31cd0c",
        "type": "github"
      }
    },
    "flake-utils": {
      "inputs": {
        "systems": "systems"
      },
      "locked": {
        "lastModified": 1731533236,
        "narHash": "sha256-l0KFg5HjrsfsO/JpG+r7fRrqm12kzFHyUHqHCVpMMbI=",
        "owner": "numtide",
        "repo": "flake-utils",
        "rev": "11707dc2f618dd54ca8739b309ec4fc024de578b",
        "type": "github"
      },
      "original": {
        "owner": "numtide",
        "repo": "flake-utils",
        "type": "github"
      }
    },
    "nixpkgs": {
      "locked": {
        "lastModified": 1765294058,
        "narHash": "sha256-R+wCJN4EWxPi9akTfz8mWcsYwyFZ9P3sjvJYMB9opbc=",
        "owner": "NixOS",
        "repo": "nixpkgs",
        "rev": "1a677a23b431a95f75914dde041d875fa16d111b",
        "type": "github"
      },
      "original": {
        "owner": "NixOS",
        "repo": "nixpkgs",
        "type": "github"
      }
    },
    "root": {
      "inputs": {
        "aichat-src": "aichat-src",
        "flake-utils": "flake-utils",
        "nixpkgs": "nixpkgs"
      }
    },
    "systems": {
      "locked": {
        "lastModified": 1681028828,
        "narHash": "sha256-Vy1rq5AaRuLzOxct8nz4T6wlgyUR7zLU309k9mBC768=",
        "owner": "nix-systems",
        "repo": "default",
        "rev": "da67096a3b9bf56a91d16901293e51ba5b49a27e",
        "type": "github"
      },
      "original": {
        "owner": "nix-systems",
        "repo": "default",
        "type": "github"
      }
    }
  },
  "root": "root",
  "version": 7
}
