{
  "nodes": {
    "inc-rename": {
      "flake": false,
      "locked": {
        "lastModified": 1675011433,
        "narHash": "sha256-KxXVe0amA0tyU6J2M+4XERSyERWS4BqGuxmbJ9YUyRs=",
        "owner": "smjonas",
        "repo": "inc-rename.nvim",
        "rev": "21c23c379342a731a0c90f226601ec0434627b26",
        "type": "github"
      },
      "original": {
        "owner": "smjonas",
        "repo": "inc-rename.nvim",
        "type": "github"
      }
    },
    "mason-lspconfig-nvim": {
      "flake": false,
      "locked": {
        "lastModified": 1676386808,
        "narHash": "sha256-LBBrANy949YMHvW9sRoPZtVB6poFERGIqaJHNx6q3rQ=",
        "owner": "williamboman",
        "repo": "mason-lspconfig.nvim",
        "rev": "93e58e100f37ef4fb0f897deeed20599dae9d128",
        "type": "github"
      },
      "original": {
        "owner": "williamboman",
        "repo": "mason-lspconfig.nvim",
        "type": "github"
      }
    },
    "mason-nvim": {
      "flake": false,
      "locked": {
        "lastModified": 1677150755,
        "narHash": "sha256-33DxAwhMpEpnbcNbpITMbq/uFnHPHE759ITLZWksFgs=",
        "owner": "williamboman",
        "repo": "mason.nvim",
        "rev": "01dfdfd36be77cb1195b60d580315bf4e2d8e62c",
        "type": "github"
      },
      "original": {
        "owner": "williamboman",
        "repo": "mason.nvim",
        "type": "github"
      }
    },
    "nvim-ufo": {
      "flake": false,
      "locked": {
        "lastModified": 1675403669,
        "narHash": "sha256-24vA7J6uStq74wAEUKIw6HlEzAs67w15KXUIRqvgo7s=",
        "owner": "kevinhwang91",
        "repo": "nvim-ufo",
        "rev": "b70c9ef0f8e2673a11387a39185ff249e00df19f",
        "type": "github"
      },
      "original": {
        "owner": "kevinhwang91",
        "repo": "nvim-ufo",
        "type": "github"
      }
    },
    "promise-async": {
      "flake": false,
      "locked": {
        "lastModified": 1675246102,
        "narHash": "sha256-ozjg+CkuypwEV3uErDszADpnfM1YujfapUS6dFahp4k=",
        "owner": "kevinhwang91",
        "repo": "promise-async",
        "rev": "7fa127fa80e7d4d447e0e2c78e99af4355f4247b",
        "type": "github"
      },
      "original": {
        "owner": "kevinhwang91",
        "repo": "promise-async",
        "type": "github"
      }
    },
    "root": {
      "inputs": {
        "inc-rename": "inc-rename",
        "mason-lspconfig-nvim": "mason-lspconfig-nvim",
        "mason-nvim": "mason-nvim",
        "nvim-ufo": "nvim-ufo",
        "promise-async": "promise-async",
        "yaml-companion": "yaml-companion"
      }
    },
    "yaml-companion": {
      "flake": false,
      "locked": {
        "lastModified": 1675421180,
        "narHash": "sha256-mmtd91bJq1Wpf71N0D4Gp7WAi28Gjwe6V7P5cDI3cvI=",
        "owner": "someone-stole-my-name",
        "repo": "yaml-companion.nvim",
        "rev": "cc3525cf6e03d8c98321c913fcad74b8fb6d7688",
        "type": "github"
      },
      "original": {
        "owner": "someone-stole-my-name",
        "repo": "yaml-companion.nvim",
        "type": "github"
      }
    }
  },
  "root": "root",
  "version": 7
}
